
Microsoft Visual Studio Solution File, Format Version 12.00
# Visual Studio 2012
Project("{FAE04EC0-301F-11D3-BF4B-00C04F79EFBC}") = "Databaza_Skupin", "Databaza_Skupin.csproj", "{CA17AC2E-0897-44FD-BF18-BA9DA6DA30F7}"
EndProject
Global
	GlobalSection(SolutionConfigurationPlatforms) = preSolution
		Debug|Any CPU = Debug|Any CPU
		Release|Any CPU = Release|Any CPU
	EndGlobalSection
	GlobalSection(ProjectConfigurationPlatforms) = postSolution
		{CA17AC2E-0897-44FD-BF18-BA9DA6DA30F7}.Debug|Any CPU.ActiveCfg = Debug|Any CPU
		{CA17AC2E-0897-44FD-BF18-BA9DA6DA30F7}.Debug|Any CPU.Build.0 = Debug|Any CPU
		{CA17AC2E-0897-44FD-BF18-BA9DA6DA30F7}.Release|Any CPU.ActiveCfg = Release|Any CPU
		{CA17AC2E-0897-44FD-BF18-BA9DA6DA30F7}.Release|Any CPU.Build.0 = Release|Any CPU
	EndGlobalSection
	GlobalSection(SolutionProperties) = preSolution
		HideSolutionNode = FALSE
	EndGlobalSection
EndGlobal
